
Microsoft Visual Studio Solution File, Format Version 12.00
# Visual Studio Version 16
VisualStudioVersion = 16.0.29424.173
MinimumVisualStudioVersion = 10.0.40219.1
Project("{FAE04EC0-301F-11D3-BF4B-00C04F79EFBC}") = "CourseLibrary.API", "CourseLibrary.API\CourseLibrary.API.csproj", "{29256EFA-E430-4275-9B19-5992CF08D005}"
EndProject
Global
	GlobalSection(SolutionConfigurationPlatforms) = preSolution
		Debug|Any CPU = Debug|Any CPU
		Release|Any CPU = Release|Any CPU
	EndGlobalSection
	GlobalSection(ProjectConfigurationPlatforms) = postSolution
		{29256EFA-E430-4275-9B19-5992CF08D005}.Debug|Any CPU.ActiveCfg = Debug|Any CPU
		{29256EFA-E430-4275-9B19-5992CF08D005}.Debug|Any CPU.Build.0 = Debug|Any CPU
		{29256EFA-E430-4275-9B19-5992CF08D005}.Release|Any CPU.ActiveCfg = Release|Any CPU
		{29256EFA-E430-4275-9B19-5992CF08D005}.Release|Any CPU.Build.0 = Release|Any CPU
	EndGlobalSection
	GlobalSection(SolutionProperties) = preSolution
		HideSolutionNode = FALSE
	EndGlobalSection
	GlobalSection(ExtensibilityGlobals) = postSolution
		SolutionGuid = {191235EB-8855-4F8C-8E29-063AA9B95294}
	EndGlobalSection
EndGlobal
